
Microsoft Visual Studio Solution File, Format Version 12.00
# Visual Studio Version 17
VisualStudioVersion = 17.1.32421.90
MinimumVisualStudioVersion = 10.0.40219.1
Project("{9A19103F-16F7-4668-BE54-9A1E7A4F7556}") = "Paytabs.API", "Paytabs.API\Paytabs.API.csproj", "{69703853-A807-499C-AC0E-9E28B49F1F7D}"
EndProject
Project("{9A19103F-16F7-4668-BE54-9A1E7A4F7556}") = "Paytabs.SDK", "Paytabs.SDK\Paytabs.SDK.csproj", "{0018CB81-845C-4A26-B37D-3739F8CF94B4}"
EndProject
Project("{FAE04EC0-301F-11D3-BF4B-00C04F79EFBC}") = "Paytabs.DependencyInjection", "Paytabs.DependencyInjection\Paytabs.DependencyInjection.csproj", "{789DB172-6AE0-4B6D-86F5-275C29C24D39}"
EndProject
Global
	GlobalSection(SolutionConfigurationPlatforms) = preSolution
		Debug|Any CPU = Debug|Any CPU
		Release|Any CPU = Release|Any CPU
	EndGlobalSection
	GlobalSection(ProjectConfigurationPlatforms) = postSolution
		{69703853-A807-499C-AC0E-9E28B49F1F7D}.Debug|Any CPU.ActiveCfg = Debug|Any CPU
		{69703853-A807-499C-AC0E-9E28B49F1F7D}.Debug|Any CPU.Build.0 = Debug|Any CPU
		{69703853-A807-499C-AC0E-9E28B49F1F7D}.Release|Any CPU.ActiveCfg = Release|Any CPU
		{69703853-A807-499C-AC0E-9E28B49F1F7D}.Release|Any CPU.Build.0 = Release|Any CPU
		{0018CB81-845C-4A26-B37D-3739F8CF94B4}.Debug|Any CPU.ActiveCfg = Debug|Any CPU
		{0018CB81-845C-4A26-B37D-3739F8CF94B4}.Debug|Any CPU.Build.0 = Debug|Any CPU
		{0018CB81-845C-4A26-B37D-3739F8CF94B4}.Release|Any CPU.ActiveCfg = Release|Any CPU
		{0018CB81-845C-4A26-B37D-3739F8CF94B4}.Release|Any CPU.Build.0 = Release|Any CPU
		{789DB172-6AE0-4B6D-86F5-275C29C24D39}.Debug|Any CPU.ActiveCfg = Debug|Any CPU
		{789DB172-6AE0-4B6D-86F5-275C29C24D39}.Debug|Any CPU.Build.0 = Debug|Any CPU
		{789DB172-6AE0-4B6D-86F5-275C29C24D39}.Release|Any CPU.ActiveCfg = Release|Any CPU
		{789DB172-6AE0-4B6D-86F5-275C29C24D39}.Release|Any CPU.Build.0 = Release|Any CPU
	EndGlobalSection
	GlobalSection(SolutionProperties) = preSolution
		HideSolutionNode = FALSE
	EndGlobalSection
	GlobalSection(ExtensibilityGlobals) = postSolution
		SolutionGuid = {88C1D484-550F-460B-B6A6-DF18098329E4}
	EndGlobalSection
EndGlobal
